
Microsoft Visual Studio Solution File, Format Version 12.00
# Visual Studio Version 17
VisualStudioVersion = 17.13.35806.99
MinimumVisualStudioVersion = 10.0.40219.1
Project("{FAE04EC0-301F-11D3-BF4B-00C04F79EFBC}") = "Models", "Models\Models.csproj", "{CBA3CABF-EEF7-4D29-872F-367ECC218E6C}"
EndProject
Global
	GlobalSection(SolutionConfigurationPlatforms) = preSolution
		Debug|Any CPU = Debug|Any CPU
		Release|Any CPU = Release|Any CPU
	EndGlobalSection
	GlobalSection(ProjectConfigurationPlatforms) = postSolution
		{CBA3CABF-EEF7-4D29-872F-367ECC218E6C}.Debug|Any CPU.ActiveCfg = Debug|Any CPU
		{CBA3CABF-EEF7-4D29-872F-367ECC218E6C}.Debug|Any CPU.Build.0 = Debug|Any CPU
		{CBA3CABF-EEF7-4D29-872F-367ECC218E6C}.Release|Any CPU.ActiveCfg = Release|Any CPU
		{CBA3CABF-EEF7-4D29-872F-367ECC218E6C}.Release|Any CPU.Build.0 = Release|Any CPU
	EndGlobalSection
	GlobalSection(SolutionProperties) = preSolution
		HideSolutionNode = FALSE
	EndGlobalSection
	GlobalSection(ExtensibilityGlobals) = postSolution
		SolutionGuid = {DCC8B16C-0B5A-4FE8-92F9-A572A8960E4E}
	EndGlobalSection
EndGlobal
